{
  "name": "weather-cli",
  "version": "1.0.0",
  "lockfileVersion": 2,
  "requires": true,
  "packages": {
    "": {
      "name": "weather-cli",
      "version": "1.0.0",
      "license": "ISC",
      "dependencies": {
        "axios": "^0.26.1",
        "chalk": "^5.0.1",
        "dedent-js": "^1.0.1"
      },
      "bin": {
        "weather": "weather.js"
      }
    },
    "node_modules/axios": {
      "version": "0.26.1",
      "resolved": "http://binary:80/artifactory/api/npm/npm/axios/-/axios-0.26.1.tgz",
      "integrity": "sha1-Ht5BxR/PUbu9b9Q2acqqTwSVqqk=",
      "license": "MIT",
      "dependencies": {
        "follow-redirects": "^1.14.8"
      }
    },
    "node_modules/chalk": {
      "version": "5.0.1",
      "resolved": "http://binary:80/artifactory/api/npm/npm/chalk/-/chalk-5.0.1.tgz",
      "integrity": "sha1-ylfXHoK7U0opbfY7usxKHCKypLY=",
      "license": "MIT",
      "engines": {
        "node": "^12.17.0 || ^14.13 || >=16.0.0"
      },
      "funding": {
        "url": "https://github.com/chalk/chalk?sponsor=1"
      }
    },
    "node_modules/dedent-js": {
      "version": "1.0.1",
      "resolved": "http://binary:80/artifactory/api/npm/npm/dedent-js/-/dedent-js-1.0.1.tgz",
      "integrity": "sha1-vuX7fJ5yfYXf+iRZDRDsGrElUwU=",
      "license": "MIT"
    },
    "node_modules/follow-redirects": {
      "version": "1.14.9",
      "resolved": "http://binary:80/artifactory/api/npm/npm/follow-redirects/-/follow-redirects-1.14.9.tgz",
      "integrity": "sha1-3U6hV957+vnqmz+9haoWlR942Nc=",
      "funding": [
        {
          "type": "individual",
          "url": "https://github.com/sponsors/RubenVerborgh"
        }
      ],
      "license": "MIT",
      "engines": {
        "node": ">=4.0"
      },
      "peerDependenciesMeta": {
        "debug": {
          "optional": true
        }
      }
    }
  },
  "dependencies": {
    "axios": {
      "version": "0.26.1",
      "resolved": "http://binary:80/artifactory/api/npm/npm/axios/-/axios-0.26.1.tgz",
      "integrity": "sha1-Ht5BxR/PUbu9b9Q2acqqTwSVqqk=",
      "requires": {
        "follow-redirects": "^1.14.8"
      }
    },
    "chalk": {
      "version": "5.0.1",
      "resolved": "http://binary:80/artifactory/api/npm/npm/chalk/-/chalk-5.0.1.tgz",
      "integrity": "sha1-ylfXHoK7U0opbfY7usxKHCKypLY="
    },
    "dedent-js": {
      "version": "1.0.1",
      "resolved": "http://binary:80/artifactory/api/npm/npm/dedent-js/-/dedent-js-1.0.1.tgz",
      "integrity": "sha1-vuX7fJ5yfYXf+iRZDRDsGrElUwU="
    },
    "follow-redirects": {
      "version": "1.14.9",
      "resolved": "http://binary:80/artifactory/api/npm/npm/follow-redirects/-/follow-redirects-1.14.9.tgz",
      "integrity": "sha1-3U6hV957+vnqmz+9haoWlR942Nc="
    }
  }
}
